
Microsoft Visual Studio Solution File, Format Version 12.00
# Visual Studio Version 16
VisualStudioVersion = 16.0.31005.135
MinimumVisualStudioVersion = 10.0.40219.1
Project("{FAE04EC0-301F-11D3-BF4B-00C04F79EFBC}") = "Project", "Project\Project.csproj", "{91E1A6D0-F57A-4C8C-A345-449CA8555BD1}"
EndProject
Global
	GlobalSection(SolutionConfigurationPlatforms) = preSolution
		Debug|Any CPU = Debug|Any CPU
		Release|Any CPU = Release|Any CPU
	EndGlobalSection
	GlobalSection(ProjectConfigurationPlatforms) = postSolution
		{91E1A6D0-F57A-4C8C-A345-449CA8555BD1}.Debug|Any CPU.ActiveCfg = Debug|Any CPU
		{91E1A6D0-F57A-4C8C-A345-449CA8555BD1}.Debug|Any CPU.Build.0 = Debug|Any CPU
		{91E1A6D0-F57A-4C8C-A345-449CA8555BD1}.Release|Any CPU.ActiveCfg = Release|Any CPU
		{91E1A6D0-F57A-4C8C-A345-449CA8555BD1}.Release|Any CPU.Build.0 = Release|Any CPU
	EndGlobalSection
	GlobalSection(SolutionProperties) = preSolution
		HideSolutionNode = FALSE
	EndGlobalSection
	GlobalSection(ExtensibilityGlobals) = postSolution
		SolutionGuid = {70B558FC-2660-4165-9C4F-CC6754268F1C}
	EndGlobalSection
EndGlobal
